
Microsoft Visual Studio Solution File, Format Version 12.00
# Visual Studio Version 16
VisualStudioVersion = 16.0.31613.86
MinimumVisualStudioVersion = 10.0.40219.1
Project("{FAE04EC0-301F-11D3-BF4B-00C04F79EFBC}") = "CompositionApp3", "CompositionApp3\CompositionApp3.csproj", "{84A62485-345E-4061-A3E2-2432E4D11F28}"
EndProject
Global
	GlobalSection(SolutionConfigurationPlatforms) = preSolution
		Debug|Any CPU = Debug|Any CPU
		Release|Any CPU = Release|Any CPU
	EndGlobalSection
	GlobalSection(ProjectConfigurationPlatforms) = postSolution
		{84A62485-345E-4061-A3E2-2432E4D11F28}.Debug|Any CPU.ActiveCfg = Debug|Any CPU
		{84A62485-345E-4061-A3E2-2432E4D11F28}.Debug|Any CPU.Build.0 = Debug|Any CPU
		{84A62485-345E-4061-A3E2-2432E4D11F28}.Release|Any CPU.ActiveCfg = Release|Any CPU
		{84A62485-345E-4061-A3E2-2432E4D11F28}.Release|Any CPU.Build.0 = Release|Any CPU
	EndGlobalSection
	GlobalSection(SolutionProperties) = preSolution
		HideSolutionNode = FALSE
	EndGlobalSection
	GlobalSection(ExtensibilityGlobals) = postSolution
		SolutionGuid = {0F48DC86-4A3E-41E8-805E-E74102194FBD}
	EndGlobalSection
EndGlobal
