
Microsoft Visual Studio Solution File, Format Version 12.00
# Visual Studio Version 16
VisualStudioVersion = 16.0.31613.86
MinimumVisualStudioVersion = 10.0.40219.1
Project("{FAE04EC0-301F-11D3-BF4B-00C04F79EFBC}") = "FilesApp4", "FilesApp4\FilesApp4.csproj", "{2941F46B-6EEC-48D1-BD87-85C076434940}"
EndProject
Global
	GlobalSection(SolutionConfigurationPlatforms) = preSolution
		Debug|Any CPU = Debug|Any CPU
		Release|Any CPU = Release|Any CPU
	EndGlobalSection
	GlobalSection(ProjectConfigurationPlatforms) = postSolution
		{2941F46B-6EEC-48D1-BD87-85C076434940}.Debug|Any CPU.ActiveCfg = Debug|Any CPU
		{2941F46B-6EEC-48D1-BD87-85C076434940}.Debug|Any CPU.Build.0 = Debug|Any CPU
		{2941F46B-6EEC-48D1-BD87-85C076434940}.Release|Any CPU.ActiveCfg = Release|Any CPU
		{2941F46B-6EEC-48D1-BD87-85C076434940}.Release|Any CPU.Build.0 = Release|Any CPU
	EndGlobalSection
	GlobalSection(SolutionProperties) = preSolution
		HideSolutionNode = FALSE
	EndGlobalSection
	GlobalSection(ExtensibilityGlobals) = postSolution
		SolutionGuid = {8CF97B58-B386-47A7-8A55-DCCCB1B18543}
	EndGlobalSection
EndGlobal
