
Microsoft Visual Studio Solution File, Format Version 12.00
# Visual Studio Version 17
VisualStudioVersion = 17.0.32014.148
MinimumVisualStudioVersion = 10.0.40219.1
Project("{FAE04EC0-301F-11D3-BF4B-00C04F79EFBC}") = "DelegatesApp1", "DelegatesApp1\DelegatesApp1.csproj", "{AAF92021-55B6-48DC-A8A1-460D0521B1F7}"
EndProject
Global
	GlobalSection(SolutionConfigurationPlatforms) = preSolution
		Debug|Any CPU = Debug|Any CPU
		Release|Any CPU = Release|Any CPU
	EndGlobalSection
	GlobalSection(ProjectConfigurationPlatforms) = postSolution
		{AAF92021-55B6-48DC-A8A1-460D0521B1F7}.Debug|Any CPU.ActiveCfg = Debug|Any CPU
		{AAF92021-55B6-48DC-A8A1-460D0521B1F7}.Debug|Any CPU.Build.0 = Debug|Any CPU
		{AAF92021-55B6-48DC-A8A1-460D0521B1F7}.Release|Any CPU.ActiveCfg = Release|Any CPU
		{AAF92021-55B6-48DC-A8A1-460D0521B1F7}.Release|Any CPU.Build.0 = Release|Any CPU
	EndGlobalSection
	GlobalSection(SolutionProperties) = preSolution
		HideSolutionNode = FALSE
	EndGlobalSection
	GlobalSection(ExtensibilityGlobals) = postSolution
		SolutionGuid = {E0816890-F40B-4E04-999C-FBCCF32427DC}
	EndGlobalSection
EndGlobal
