
Microsoft Visual Studio Solution File, Format Version 12.00
# Visual Studio Version 16
VisualStudioVersion = 16.0.31613.86
MinimumVisualStudioVersion = 10.0.40219.1
Project("{FAE04EC0-301F-11D3-BF4B-00C04F79EFBC}") = "AbstractClassApp1", "AbstractClassApp1\AbstractClassApp1.csproj", "{D72C2410-FF1A-494E-B2E5-10EA96D61B5D}"
EndProject
Global
	GlobalSection(SolutionConfigurationPlatforms) = preSolution
		Debug|Any CPU = Debug|Any CPU
		Release|Any CPU = Release|Any CPU
	EndGlobalSection
	GlobalSection(ProjectConfigurationPlatforms) = postSolution
		{D72C2410-FF1A-494E-B2E5-10EA96D61B5D}.Debug|Any CPU.ActiveCfg = Debug|Any CPU
		{D72C2410-FF1A-494E-B2E5-10EA96D61B5D}.Debug|Any CPU.Build.0 = Debug|Any CPU
		{D72C2410-FF1A-494E-B2E5-10EA96D61B5D}.Release|Any CPU.ActiveCfg = Release|Any CPU
		{D72C2410-FF1A-494E-B2E5-10EA96D61B5D}.Release|Any CPU.Build.0 = Release|Any CPU
	EndGlobalSection
	GlobalSection(SolutionProperties) = preSolution
		HideSolutionNode = FALSE
	EndGlobalSection
	GlobalSection(ExtensibilityGlobals) = postSolution
		SolutionGuid = {F2815C1F-7F96-4492-9D09-0E8216ADF178}
	EndGlobalSection
EndGlobal
