
Microsoft Visual Studio Solution File, Format Version 12.00
# Visual Studio Version 17
VisualStudioVersion = 17.0.32014.148
MinimumVisualStudioVersion = 10.0.40219.1
Project("{FAE04EC0-301F-11D3-BF4B-00C04F79EFBC}") = "ActionApp1", "ActionApp1\ActionApp1.csproj", "{8CDD71C5-AF5B-4727-A1F1-5D371B8882B7}"
EndProject
Global
	GlobalSection(SolutionConfigurationPlatforms) = preSolution
		Debug|Any CPU = Debug|Any CPU
		Release|Any CPU = Release|Any CPU
	EndGlobalSection
	GlobalSection(ProjectConfigurationPlatforms) = postSolution
		{8CDD71C5-AF5B-4727-A1F1-5D371B8882B7}.Debug|Any CPU.ActiveCfg = Debug|Any CPU
		{8CDD71C5-AF5B-4727-A1F1-5D371B8882B7}.Debug|Any CPU.Build.0 = Debug|Any CPU
		{8CDD71C5-AF5B-4727-A1F1-5D371B8882B7}.Release|Any CPU.ActiveCfg = Release|Any CPU
		{8CDD71C5-AF5B-4727-A1F1-5D371B8882B7}.Release|Any CPU.Build.0 = Release|Any CPU
	EndGlobalSection
	GlobalSection(SolutionProperties) = preSolution
		HideSolutionNode = FALSE
	EndGlobalSection
	GlobalSection(ExtensibilityGlobals) = postSolution
		SolutionGuid = {AF33E4C5-0454-4550-B235-8ABE18256D44}
	EndGlobalSection
EndGlobal
