
Microsoft Visual Studio Solution File, Format Version 12.00
# Visual Studio Version 16
VisualStudioVersion = 16.0.31613.86
MinimumVisualStudioVersion = 10.0.40219.1
Project("{FAE04EC0-301F-11D3-BF4B-00C04F79EFBC}") = "InheritanceApp1", "InheritanceApp1\InheritanceApp1.csproj", "{EBA8A9F4-38A3-483A-A4BC-D1EC11A84EE1}"
EndProject
Global
	GlobalSection(SolutionConfigurationPlatforms) = preSolution
		Debug|Any CPU = Debug|Any CPU
		Release|Any CPU = Release|Any CPU
	EndGlobalSection
	GlobalSection(ProjectConfigurationPlatforms) = postSolution
		{EBA8A9F4-38A3-483A-A4BC-D1EC11A84EE1}.Debug|Any CPU.ActiveCfg = Debug|Any CPU
		{EBA8A9F4-38A3-483A-A4BC-D1EC11A84EE1}.Debug|Any CPU.Build.0 = Debug|Any CPU
		{EBA8A9F4-38A3-483A-A4BC-D1EC11A84EE1}.Release|Any CPU.ActiveCfg = Release|Any CPU
		{EBA8A9F4-38A3-483A-A4BC-D1EC11A84EE1}.Release|Any CPU.Build.0 = Release|Any CPU
	EndGlobalSection
	GlobalSection(SolutionProperties) = preSolution
		HideSolutionNode = FALSE
	EndGlobalSection
	GlobalSection(ExtensibilityGlobals) = postSolution
		SolutionGuid = {690994BB-5EAA-4B3B-B698-A877C0FAE92E}
	EndGlobalSection
EndGlobal
