
Microsoft Visual Studio Solution File, Format Version 12.00
# Visual Studio Version 16
VisualStudioVersion = 16.0.31613.86
MinimumVisualStudioVersion = 10.0.40219.1
Project("{FAE04EC0-301F-11D3-BF4B-00C04F79EFBC}") = "DictionaryApp2", "DictionaryApp2\DictionaryApp2.csproj", "{4A6A9CEE-357F-42F1-BE85-A79D52F6EC40}"
EndProject
Global
	GlobalSection(SolutionConfigurationPlatforms) = preSolution
		Debug|Any CPU = Debug|Any CPU
		Release|Any CPU = Release|Any CPU
	EndGlobalSection
	GlobalSection(ProjectConfigurationPlatforms) = postSolution
		{4A6A9CEE-357F-42F1-BE85-A79D52F6EC40}.Debug|Any CPU.ActiveCfg = Debug|Any CPU
		{4A6A9CEE-357F-42F1-BE85-A79D52F6EC40}.Debug|Any CPU.Build.0 = Debug|Any CPU
		{4A6A9CEE-357F-42F1-BE85-A79D52F6EC40}.Release|Any CPU.ActiveCfg = Release|Any CPU
		{4A6A9CEE-357F-42F1-BE85-A79D52F6EC40}.Release|Any CPU.Build.0 = Release|Any CPU
	EndGlobalSection
	GlobalSection(SolutionProperties) = preSolution
		HideSolutionNode = FALSE
	EndGlobalSection
	GlobalSection(ExtensibilityGlobals) = postSolution
		SolutionGuid = {C55145A9-267F-4F59-B6EC-B955B7C26244}
	EndGlobalSection
EndGlobal
